# This file is automatically @generated by Poetry 1.6.1 and should not be changed by hand.

[[package]]
name = "colorama"
version = "0.4.6"
description = "Cross-platform colored terminal text."
optional = false
python-versions = "!=3.0.*,!=3.1.*,!=3.2.*,!=3.3.*,!=3.4.*,!=3.5.*,!=3.6.*,>=2.7"
files = [
    {file = "colorama-0.4.6-py2.py3-none-any.whl", hash = "sha256:4f1d9991f5acc0ca119f9d443620b77f9d6b33703e51011c16baf57afb285fc6"},
    {file = "colorama-0.4.6.tar.gz", hash = "sha256:08695f5cb7ed6e0531a20572697297273c47b8cae5a63ffc6d6ed5c201be6e44"},
]

[[package]]
name = "cuda-python"
version = "12.3.0"
description = "Python bindings for CUDA"
optional = false
python-versions = "*"
files = [
    {file = "cuda_python-12.3.0-cp310-cp310-manylinux_2_17_aarch64.manylinux2014_aarch64.whl", hash = "sha256:45285ec0f0dc4fe604b3568e77ba3363d3ce531ac9f9a5510d2276ad46ef143f"},
    {file = "cuda_python-12.3.0-cp310-cp310-manylinux_2_17_ppc64le.manylinux2014_ppc64le.whl", hash = "sha256:a6f666d01e573454cbd38495911fe25686849e5996f140d9b756f02f93e19e43"},
    {file = "cuda_python-12.3.0-cp310-cp310-manylinux_2_17_x86_64.manylinux2014_x86_64.whl", hash = "sha256:7560ea424044420a2762559832e392e48317889db62c5da7e8957b1907996d32"},
    {file = "cuda_python-12.3.0-cp310-cp310-win_amd64.whl", hash = "sha256:02f392dbb320731cf89a02a2540db84e4beb27f900d4128e407c33d20adc7c8e"},
    {file = "cuda_python-12.3.0-cp311-cp311-manylinux_2_17_aarch64.manylinux2014_aarch64.whl", hash = "sha256:0f4784d5f9cbf7239d00e8abcad56bf9130c0274ac20976a0e5c71d02324a42b"},
    {file = "cuda_python-12.3.0-cp311-cp311-manylinux_2_17_ppc64le.manylinux2014_ppc64le.whl", hash = "sha256:c02922b14f12aeae9388aef4d0f633bde5225a818a0bfc9cade61bcf7a65e69c"},
    {file = "cuda_python-12.3.0-cp311-cp311-manylinux_2_17_x86_64.manylinux2014_x86_64.whl", hash = "sha256:0a27dd9cb84000e3812d797de631fefcff5470ddfc30f4110aba1eccf8c32f68"},
    {file = "cuda_python-12.3.0-cp311-cp311-win_amd64.whl", hash = "sha256:01579e5cf7959e7759e2f23232e2e53167c1cf2461b0ba73a3c2cb03602d54af"},
    {file = "cuda_python-12.3.0-cp38-cp38-manylinux_2_17_aarch64.manylinux2014_aarch64.whl", hash = "sha256:c1ef4fae871533942e35ebff86be9f7b74e5f75c602c93200e419668191899c3"},
    {file = "cuda_python-12.3.0-cp38-cp38-manylinux_2_17_ppc64le.manylinux2014_ppc64le.whl", hash = "sha256:b5f79e9a37e7cc8b70e511bfbf3ca6f72479928ac9fdc3c398eaba7a53a8da15"},
    {file = "cuda_python-12.3.0-cp38-cp38-manylinux_2_17_x86_64.manylinux2014_x86_64.whl", hash = "sha256:9740518a875715b77c52215e74d09fdc2dc02c8080db8052e6b1bc16d96557f9"},
    {file = "cuda_python-12.3.0-cp38-cp38-win_amd64.whl", hash = "sha256:3113e83d0b596d393a32fe4fcd2461f905ce3dc4e6bc9e6d2fd451834b2fc167"},
    {file = "cuda_python-12.3.0-cp39-cp39-manylinux_2_17_aarch64.manylinux2014_aarch64.whl", hash = "sha256:a55005abb6597b4f24cf6d20e7e0debb8d29023d6456337e0129717ecf669864"},
    {file = "cuda_python-12.3.0-cp39-cp39-manylinux_2_17_ppc64le.manylinux2014_ppc64le.whl", hash = "sha256:59f67d9f6d461c78a5552044b9660759b84d949b506afc7c797b18c12d49f967"},
    {file = "cuda_python-12.3.0-cp39-cp39-manylinux_2_17_x86_64.manylinux2014_x86_64.whl", hash = "sha256:386b9c823fb41fc305dcb5074336c9e74863813fa84d9c7394f4fc068a2b1e2f"},
    {file = "cuda_python-12.3.0-cp39-cp39-win_amd64.whl", hash = "sha256:4409591a627ae400a1ef5e1635d5a57b45488599d1ef16248cdbc960cb6b9f3f"},
]

[[package]]
name = "numpy"
version = "1.26.4"
description = "Fundamental package for array computing in Python"
optional = false
python-versions = ">=3.9"
files = [
    {file = "numpy-1.26.4-cp310-cp310-macosx_10_9_x86_64.whl", hash = "sha256:9ff0f4f29c51e2803569d7a51c2304de5554655a60c5d776e35b4a41413830d0"},
    {file = "numpy-1.26.4-cp310-cp310-macosx_11_0_arm64.whl", hash = "sha256:2e4ee3380d6de9c9ec04745830fd9e2eccb3e6cf790d39d7b98ffd19b0dd754a"},
    {file = "numpy-1.26.4-cp310-cp310-manylinux_2_17_aarch64.manylinux2014_aarch64.whl", hash = "sha256:d209d8969599b27ad20994c8e41936ee0964e6da07478d6c35016bc386b66ad4"},
    {file = "numpy-1.26.4-cp310-cp310-manylinux_2_17_x86_64.manylinux2014_x86_64.whl", hash = "sha256:ffa75af20b44f8dba823498024771d5ac50620e6915abac414251bd971b4529f"},
    {file = "numpy-1.26.4-cp310-cp310-musllinux_1_1_aarch64.whl", hash = "sha256:62b8e4b1e28009ef2846b4c7852046736bab361f7aeadeb6a5b89ebec3c7055a"},
    {file = "numpy-1.26.4-cp310-cp310-musllinux_1_1_x86_64.whl", hash = "sha256:a4abb4f9001ad2858e7ac189089c42178fcce737e4169dc61321660f1a96c7d2"},
    {file = "numpy-1.26.4-cp310-cp310-win32.whl", hash = "sha256:bfe25acf8b437eb2a8b2d49d443800a5f18508cd811fea3181723922a8a82b07"},
    {file = "numpy-1.26.4-cp310-cp310-win_amd64.whl", hash = "sha256:b97fe8060236edf3662adfc2c633f56a08ae30560c56310562cb4f95500022d5"},
    {file = "numpy-1.26.4-cp311-cp311-macosx_10_9_x86_64.whl", hash = "sha256:4c66707fabe114439db9068ee468c26bbdf909cac0fb58686a42a24de1760c71"},
    {file = "numpy-1.26.4-cp311-cp311-macosx_11_0_arm64.whl", hash = "sha256:edd8b5fe47dab091176d21bb6de568acdd906d1887a4584a15a9a96a1dca06ef"},
    {file = "numpy-1.26.4-cp311-cp311-manylinux_2_17_aarch64.manylinux2014_aarch64.whl", hash = "sha256:7ab55401287bfec946ced39700c053796e7cc0e3acbef09993a9ad2adba6ca6e"},
    {file = "numpy-1.26.4-cp311-cp311-manylinux_2_17_x86_64.manylinux2014_x86_64.whl", hash = "sha256:666dbfb6ec68962c033a450943ded891bed2d54e6755e35e5835d63f4f6931d5"},
    {file = "numpy-1.26.4-cp311-cp311-musllinux_1_1_aarch64.whl", hash = "sha256:96ff0b2ad353d8f990b63294c8986f1ec3cb19d749234014f4e7eb0112ceba5a"},
    {file = "numpy-1.26.4-cp311-cp311-musllinux_1_1_x86_64.whl", hash = "sha256:60dedbb91afcbfdc9bc0b1f3f402804070deed7392c23eb7a7f07fa857868e8a"},
    {file = "numpy-1.26.4-cp311-cp311-win32.whl", hash = "sha256:1af303d6b2210eb850fcf03064d364652b7120803a0b872f5211f5234b399f20"},
    {file = "numpy-1.26.4-cp311-cp311-win_amd64.whl", hash = "sha256:cd25bcecc4974d09257ffcd1f098ee778f7834c3ad767fe5db785be9a4aa9cb2"},
    {file = "numpy-1.26.4-cp312-cp312-macosx_10_9_x86_64.whl", hash = "sha256:b3ce300f3644fb06443ee2222c2201dd3a89ea6040541412b8fa189341847218"},
    {file = "numpy-1.26.4-cp312-cp312-macosx_11_0_arm64.whl", hash = "sha256:03a8c78d01d9781b28a6989f6fa1bb2c4f2d51201cf99d3dd875df6fbd96b23b"},
    {file = "numpy-1.26.4-cp312-cp312-manylinux_2_17_aarch64.manylinux2014_aarch64.whl", hash = "sha256:9fad7dcb1aac3c7f0584a5a8133e3a43eeb2fe127f47e3632d43d677c66c102b"},
    {file = "numpy-1.26.4-cp312-cp312-manylinux_2_17_x86_64.manylinux2014_x86_64.whl", hash = "sha256:675d61ffbfa78604709862923189bad94014bef562cc35cf61d3a07bba02a7ed"},
    {file = "numpy-1.26.4-cp312-cp312-musllinux_1_1_aarch64.whl", hash = "sha256:ab47dbe5cc8210f55aa58e4805fe224dac469cde56b9f731a4c098b91917159a"},
    {file = "numpy-1.26.4-cp312-cp312-musllinux_1_1_x86_64.whl", hash = "sha256:1dda2e7b4ec9dd512f84935c5f126c8bd8b9f2fc001e9f54af255e8c5f16b0e0"},
    {file = "numpy-1.26.4-cp312-cp312-win32.whl", hash = "sha256:50193e430acfc1346175fcbdaa28ffec49947a06918b7b92130744e81e640110"},
    {file = "numpy-1.26.4-cp312-cp312-win_amd64.whl", hash = "sha256:08beddf13648eb95f8d867350f6a018a4be2e5ad54c8d8caed89ebca558b2818"},
    {file = "numpy-1.26.4-cp39-cp39-macosx_10_9_x86_64.whl", hash = "sha256:7349ab0fa0c429c82442a27a9673fc802ffdb7c7775fad780226cb234965e53c"},
    {file = "numpy-1.26.4-cp39-cp39-macosx_11_0_arm64.whl", hash = "sha256:52b8b60467cd7dd1e9ed082188b4e6bb35aa5cdd01777621a1658910745b90be"},
    {file = "numpy-1.26.4-cp39-cp39-manylinux_2_17_aarch64.manylinux2014_aarch64.whl", hash = "sha256:d5241e0a80d808d70546c697135da2c613f30e28251ff8307eb72ba696945764"},
    {file = "numpy-1.26.4-cp39-cp39-manylinux_2_17_x86_64.manylinux2014_x86_64.whl", hash = "sha256:f870204a840a60da0b12273ef34f7051e98c3b5961b61b0c2c1be6dfd64fbcd3"},
    {file = "numpy-1.26.4-cp39-cp39-musllinux_1_1_aarch64.whl", hash = "sha256:679b0076f67ecc0138fd2ede3a8fd196dddc2ad3254069bcb9faf9a79b1cebcd"},
    {file = "numpy-1.26.4-cp39-cp39-musllinux_1_1_x86_64.whl", hash = "sha256:47711010ad8555514b434df65f7d7b076bb8261df1ca9bb78f53d3b2db02e95c"},
    {file = "numpy-1.26.4-cp39-cp39-win32.whl", hash = "sha256:a354325ee03388678242a4d7ebcd08b5c727033fcff3b2f536aea978e15ee9e6"},
    {file = "numpy-1.26.4-cp39-cp39-win_amd64.whl", hash = "sha256:3373d5d70a5fe74a2c1bb6d2cfd9609ecf686d47a2d7b1d37a8f3b6bf6003aea"},
    {file = "numpy-1.26.4-pp39-pypy39_pp73-macosx_10_9_x86_64.whl", hash = "sha256:afedb719a9dcfc7eaf2287b839d8198e06dcd4cb5d276a3df279231138e83d30"},
    {file = "numpy-1.26.4-pp39-pypy39_pp73-manylinux_2_17_x86_64.manylinux2014_x86_64.whl", hash = "sha256:95a7476c59002f2f6c590b9b7b998306fba6a5aa646b1e22ddfeaf8f78c3a29c"},
    {file = "numpy-1.26.4-pp39-pypy39_pp73-win_amd64.whl", hash = "sha256:7e50d0a0cc3189f9cb0aeb3a6a6af18c16f59f004b866cd2be1c14b36134a4a0"},
    {file = "numpy-1.26.4.tar.gz", hash = "sha256:2a02aba9ed12e4ac4eb3ea9421c420301a0c6460d9830d74a9df87efa4912010"},
]

[[package]]
name = "nvidia-cublas-cu12"
version = "12.3.4.1"
description = "CUBLAS native runtime libraries"
optional = false
python-versions = ">=3"
files = [
    {file = "nvidia_cublas_cu12-12.3.4.1-py3-none-manylinux1_x86_64.whl", hash = "sha256:9b25b27bd5a5be1cc7e83a7b8004258daa338800798e22986e5b67ee06f0859d"},
    {file = "nvidia_cublas_cu12-12.3.4.1-py3-none-win_amd64.whl", hash = "sha256:90e0344a0d96c72b6ee0ebec2b1447e552217131914aa678fff1603701005f3a"},
]

[[package]]
name = "nvidia-cuda-nvrtc-cu12"
version = "12.3.107"
description = "NVRTC native runtime libraries"
optional = false
python-versions = ">=3"
files = [
    {file = "nvidia_cuda_nvrtc_cu12-12.3.107-py3-none-manylinux1_x86_64.whl", hash = "sha256:4db66788a37a234304a0b3203744f9a6c665f48bde65f69a096ae3b5799b5b1d"},
    {file = "nvidia_cuda_nvrtc_cu12-12.3.107-py3-none-win_amd64.whl", hash = "sha256:048f0526521bcff2e8fda76d3f0b5284a24065f96096ad3f8f300ad970d7eae0"},
]

[[package]]
name = "nvidia-cuda-runtime-cu12"
version = "12.3.101"
description = "CUDA Runtime native Libraries"
optional = false
python-versions = ">=3"
files = [
    {file = "nvidia_cuda_runtime_cu12-12.3.101-py3-none-manylinux1_x86_64.whl", hash = "sha256:04604679ddca6acb96c76a7a9306282cddc16981f92e148e2dfe227078883cda"},
    {file = "nvidia_cuda_runtime_cu12-12.3.101-py3-none-win_amd64.whl", hash = "sha256:8a91b2284458643233097d10887b93dc4e8085d49228e228db698ec4bcf5ac3f"},
]

[[package]]
name = "nvidia-cudnn-cu12"
version = "8.9.7.29"
description = "cuDNN runtime libraries"
optional = false
python-versions = ">=3"
files = [
    {file = "nvidia_cudnn_cu12-8.9.7.29-py3-none-manylinux1_x86_64.whl", hash = "sha256:adf4f59ed7a1341103822ed8df6e144f4d47ea8b10d9bf0ea0047ba738fd7b02"},
    {file = "nvidia_cudnn_cu12-8.9.7.29-py3-none-win_amd64.whl", hash = "sha256:4447321a2bdc8bd965084c1824575eb04f47a03ab62bbeb6cce7e9f74c3657f3"},
]

[package.dependencies]
nvidia-cublas-cu12 = "*"
nvidia-cuda-nvrtc-cu12 = "*"

[[package]]
name = "opencv-python-headless"
version = "4.9.0.80"
description = "Wrapper package for OpenCV python bindings."
optional = false
python-versions = ">=3.6"
files = [
    {file = "opencv-python-headless-4.9.0.80.tar.gz", hash = "sha256:71a4cd8cf7c37122901d8e81295db7fb188730e33a0e40039a4e59c1030b0958"},
    {file = "opencv_python_headless-4.9.0.80-cp37-abi3-macosx_10_16_x86_64.whl", hash = "sha256:2ea8a2edc4db87841991b2fbab55fc07b97ecb602e0f47d5d485bd75cee17c1a"},
    {file = "opencv_python_headless-4.9.0.80-cp37-abi3-macosx_11_0_arm64.whl", hash = "sha256:e0ee54e27be493e8f7850847edae3128e18b540dac1d7b2e4001b8944e11e1c6"},
    {file = "opencv_python_headless-4.9.0.80-cp37-abi3-manylinux_2_17_aarch64.manylinux2014_aarch64.whl", hash = "sha256:57ce2865e8fec431c6f97a81e9faaf23fa5be61011d0a75ccf47a3c0d65fa73d"},
    {file = "opencv_python_headless-4.9.0.80-cp37-abi3-manylinux_2_17_x86_64.manylinux2014_x86_64.whl", hash = "sha256:976656362d68d9f40a5c66f83901430538002465f7db59142784f3893918f3df"},
    {file = "opencv_python_headless-4.9.0.80-cp37-abi3-win32.whl", hash = "sha256:11e3849d83e6651d4e7699aadda9ec7ed7c38957cbbcb99db074f2a2d2de9670"},
    {file = "opencv_python_headless-4.9.0.80-cp37-abi3-win_amd64.whl", hash = "sha256:a8056c2cb37cd65dfcdf4153ca16f7362afcf3a50d600d6bb69c660fc61ee29c"},
]

[package.dependencies]
numpy = [
    {version = ">=1.26.0", markers = "python_version >= \"3.12\""},
    {version = ">=1.23.5", markers = "python_version >= \"3.11\" and python_version < \"3.12\""},
    {version = ">=1.21.4", markers = "python_version >= \"3.10\" and platform_system == \"Darwin\" and python_version < \"3.11\""},
    {version = ">=1.21.2", markers = "platform_system != \"Darwin\" and python_version >= \"3.10\" and python_version < \"3.11\""},
]

[[package]]
name = "tensorrt"
version = "8.6.1.post1"
description = "A high performance deep learning inference library"
optional = false
python-versions = ">=3.6"
files = [
    {file = "tensorrt-8.6.1.post1.tar.gz", hash = "sha256:0ca64da500480a2d204c18d7c6791ec462c163ae4fa1db574b8c211da1116ea2"},
]

[package.extras]
numpy = ["numpy"]

[package.source]
type = "legacy"
url = "https://pypi.nvidia.com"
reference = "trt"

[[package]]
name = "tensorrt-bindings"
version = "8.6.1"
description = "A high performance deep learning inference library"
optional = false
python-versions = "*"
files = [
    {file = "tensorrt_bindings-8.6.1-cp310-none-manylinux_2_17_x86_64.whl", hash = "sha256:6f9d26d5d8f6b87d62048c5ef4bb33b179cdf944d1b28480458d8c27d1e65456"},
    {file = "tensorrt_bindings-8.6.1-cp311-none-manylinux_2_17_x86_64.whl", hash = "sha256:705cfab5c60f0bed7d939559d880165a761bd9ac0f4203004948a760eef99838"},
    {file = "tensorrt_bindings-8.6.1-cp36-none-manylinux_2_17_x86_64.whl", hash = "sha256:ffbf4d0fb37e384515f63e9fd01c57fb57676cd9241b259234efc69c34c0af77"},
    {file = "tensorrt_bindings-8.6.1-cp37-none-manylinux_2_17_x86_64.whl", hash = "sha256:ff1523fc7caa51aab30c6ee2fdc6c767764e19c0183236e8ca879e14ee31b9f5"},
    {file = "tensorrt_bindings-8.6.1-cp38-none-manylinux_2_17_x86_64.whl", hash = "sha256:c743e67e94c2e8bcbb81b02b3c6dda59f4ab8c46471d64a7f37475b359a8cfdb"},
    {file = "tensorrt_bindings-8.6.1-cp39-none-manylinux_2_17_x86_64.whl", hash = "sha256:0a55a8aefad4c4bb4c3abd6b79dbd04ab70c26484e05f299fce6ca95fd43879e"},
]

[package.extras]
numpy = ["numpy"]

[package.source]
type = "legacy"
url = "https://pypi.nvidia.com"
reference = "trt"

[[package]]
name = "tensorrt-libs"
version = "8.6.1"
description = "TensorRT Libraries"
optional = false
python-versions = "*"
files = [
    {file = "tensorrt_libs-8.6.1-py2.py3-none-manylinux_2_17_x86_64.whl", hash = "sha256:b8445cdba68d108345c95a65167c2bb6e03cb3e6cd6cb51e86f1028151d5a93e"},
]

[package.dependencies]
nvidia-cublas-cu12 = "*"
nvidia-cuda-runtime-cu12 = "*"
nvidia-cudnn-cu12 = "*"

[package.source]
type = "legacy"
url = "https://pypi.nvidia.com"
reference = "trt"

[[package]]
name = "tqdm"
version = "4.66.2"
description = "Fast, Extensible Progress Meter"
optional = false
python-versions = ">=3.7"
files = [
    {file = "tqdm-4.66.2-py3-none-any.whl", hash = "sha256:1ee4f8a893eb9bef51c6e35730cebf234d5d0b6bd112b0271e10ed7c24a02bd9"},
    {file = "tqdm-4.66.2.tar.gz", hash = "sha256:6cd52cdf0fef0e0f543299cfc96fec90d7b8a7e88745f411ec33eb44d5ed3531"},
]

[package.dependencies]
colorama = {version = "*", markers = "platform_system == \"Windows\""}

[package.extras]
dev = ["pytest (>=6)", "pytest-cov", "pytest-timeout", "pytest-xdist"]
notebook = ["ipywidgets (>=6)"]
slack = ["slack-sdk"]
telegram = ["requests"]

[metadata]
lock-version = "2.0"
python-versions = "^3.10"
content-hash = "83ed53d83877ba993efd4c44bd403609720467b265149d6fe4915afc426b0e98"
